
Microsoft Visual Studio Solution File, Format Version 12.00
# Visual Studio Version 16
VisualStudioVersion = 16.0.31702.278
MinimumVisualStudioVersion = 10.0.40219.1
Project("{FAE04EC0-301F-11D3-BF4B-00C04F79EFBC}") = "DemoShop", "DemoShop\DemoShop.csproj", "{DFAE89E6-6AD1-42B9-A932-DA0AFBDEA153}"
EndProject
Project("{FAE04EC0-301F-11D3-BF4B-00C04F79EFBC}") = "AutomationLibrary", "AutomationLibrary\AutomationLibrary.csproj", "{C32C9209-EF72-416C-A6D6-D9A92EB31AA2}"
EndProject
Global
	GlobalSection(SolutionConfigurationPlatforms) = preSolution
		Debug|Any CPU = Debug|Any CPU
		Release|Any CPU = Release|Any CPU
	EndGlobalSection
	GlobalSection(ProjectConfigurationPlatforms) = postSolution
		{DFAE89E6-6AD1-42B9-A932-DA0AFBDEA153}.Debug|Any CPU.ActiveCfg = Debug|Any CPU
		{DFAE89E6-6AD1-42B9-A932-DA0AFBDEA153}.Debug|Any CPU.Build.0 = Debug|Any CPU
		{DFAE89E6-6AD1-42B9-A932-DA0AFBDEA153}.Release|Any CPU.ActiveCfg = Release|Any CPU
		{DFAE89E6-6AD1-42B9-A932-DA0AFBDEA153}.Release|Any CPU.Build.0 = Release|Any CPU
		{C32C9209-EF72-416C-A6D6-D9A92EB31AA2}.Debug|Any CPU.ActiveCfg = Debug|Any CPU
		{C32C9209-EF72-416C-A6D6-D9A92EB31AA2}.Debug|Any CPU.Build.0 = Debug|Any CPU
		{C32C9209-EF72-416C-A6D6-D9A92EB31AA2}.Release|Any CPU.ActiveCfg = Release|Any CPU
		{C32C9209-EF72-416C-A6D6-D9A92EB31AA2}.Release|Any CPU.Build.0 = Release|Any CPU
	EndGlobalSection
	GlobalSection(SolutionProperties) = preSolution
		HideSolutionNode = FALSE
	EndGlobalSection
	GlobalSection(ExtensibilityGlobals) = postSolution
		SolutionGuid = {0E8348D1-901D-46A1-8B27-98CB88607D21}
	EndGlobalSection
EndGlobal
